
Microsoft Visual Studio Solution File, Format Version 12.00
# Visual Studio Version 17
VisualStudioVersion = 17.3.32922.545
MinimumVisualStudioVersion = 10.0.40219.1
Project("{FAE04EC0-301F-11D3-BF4B-00C04F79EFBC}") = "Seçim_Grafik_İstatistik", "Seçim_Grafik_İstatistik.csproj", "{7C9F84FF-55D3-41B5-B089-423E2DF93DF1}"
EndProject
Global
	GlobalSection(SolutionConfigurationPlatforms) = preSolution
		Debug|Any CPU = Debug|Any CPU
		Release|Any CPU = Release|Any CPU
	EndGlobalSection
	GlobalSection(ProjectConfigurationPlatforms) = postSolution
		{7C9F84FF-55D3-41B5-B089-423E2DF93DF1}.Debug|Any CPU.ActiveCfg = Debug|Any CPU
		{7C9F84FF-55D3-41B5-B089-423E2DF93DF1}.Debug|Any CPU.Build.0 = Debug|Any CPU
		{7C9F84FF-55D3-41B5-B089-423E2DF93DF1}.Release|Any CPU.ActiveCfg = Release|Any CPU
		{7C9F84FF-55D3-41B5-B089-423E2DF93DF1}.Release|Any CPU.Build.0 = Release|Any CPU
	EndGlobalSection
	GlobalSection(SolutionProperties) = preSolution
		HideSolutionNode = FALSE
	EndGlobalSection
	GlobalSection(ExtensibilityGlobals) = postSolution
		SolutionGuid = {EC25F3E2-C43B-495A-BC55-56CCC5A2F72A}
	EndGlobalSection
EndGlobal
